
Microsoft Visual Studio Solution File, Format Version 12.00
# Visual Studio Version 17
VisualStudioVersion = 17.10.35122.118
MinimumVisualStudioVersion = 10.0.40219.1
Project("{2150E333-8FDC-42A3-9474-1A3956D46DE8}") = "Modsen.Server.Authentication", "Modsen.Server.Authentication", "{62FA1063-F080-4112-85E9-C915890D40CF}"
EndProject
Project("{FAE04EC0-301F-11D3-BF4B-00C04F79EFBC}") = "Modsen.Server.Authentication.Api", "Modsen.Server.Authentication.Api\Modsen.Server.Authentication.Api.csproj", "{1920BEC2-2E67-4608-984A-A79270DF8EF8}"
EndProject
Project("{FAE04EC0-301F-11D3-BF4B-00C04F79EFBC}") = "Modsen.Server.Authentication.Application", "Modsen.Server.Authentication.Application\Modsen.Server.Authentication.Application.csproj", "{79C22174-B15E-493E-9F52-2F54698A47AF}"
EndProject
Project("{FAE04EC0-301F-11D3-BF4B-00C04F79EFBC}") = "Modsen.Server.Authentication.Domain", "Modsen.Server.Authentication.Domain\Modsen.Server.Authentication.Domain.csproj", "{7C2E18C8-4D1B-448C-B738-B4AC95C0334B}"
EndProject
Project("{FAE04EC0-301F-11D3-BF4B-00C04F79EFBC}") = "Modsen.Server.Authentication.Infrastructure", "Modsen.Server.Authentication.Infrastructure\Modsen.Server.Authentication.Infrastructure.csproj", "{F1AD8AF9-0E51-4CD3-ABD3-2CEFB51DCA92}"
EndProject
Global
	GlobalSection(SolutionConfigurationPlatforms) = preSolution
		Debug|Any CPU = Debug|Any CPU
		Release|Any CPU = Release|Any CPU
	EndGlobalSection
	GlobalSection(ProjectConfigurationPlatforms) = postSolution
		{1920BEC2-2E67-4608-984A-A79270DF8EF8}.Debug|Any CPU.ActiveCfg = Debug|Any CPU
		{1920BEC2-2E67-4608-984A-A79270DF8EF8}.Debug|Any CPU.Build.0 = Debug|Any CPU
		{1920BEC2-2E67-4608-984A-A79270DF8EF8}.Release|Any CPU.ActiveCfg = Release|Any CPU
		{1920BEC2-2E67-4608-984A-A79270DF8EF8}.Release|Any CPU.Build.0 = Release|Any CPU
		{79C22174-B15E-493E-9F52-2F54698A47AF}.Debug|Any CPU.ActiveCfg = Debug|Any CPU
		{79C22174-B15E-493E-9F52-2F54698A47AF}.Debug|Any CPU.Build.0 = Debug|Any CPU
		{79C22174-B15E-493E-9F52-2F54698A47AF}.Release|Any CPU.ActiveCfg = Release|Any CPU
		{79C22174-B15E-493E-9F52-2F54698A47AF}.Release|Any CPU.Build.0 = Release|Any CPU
		{7C2E18C8-4D1B-448C-B738-B4AC95C0334B}.Debug|Any CPU.ActiveCfg = Debug|Any CPU
		{7C2E18C8-4D1B-448C-B738-B4AC95C0334B}.Debug|Any CPU.Build.0 = Debug|Any CPU
		{7C2E18C8-4D1B-448C-B738-B4AC95C0334B}.Release|Any CPU.ActiveCfg = Release|Any CPU
		{7C2E18C8-4D1B-448C-B738-B4AC95C0334B}.Release|Any CPU.Build.0 = Release|Any CPU
		{F1AD8AF9-0E51-4CD3-ABD3-2CEFB51DCA92}.Debug|Any CPU.ActiveCfg = Debug|Any CPU
		{F1AD8AF9-0E51-4CD3-ABD3-2CEFB51DCA92}.Debug|Any CPU.Build.0 = Debug|Any CPU
		{F1AD8AF9-0E51-4CD3-ABD3-2CEFB51DCA92}.Release|Any CPU.ActiveCfg = Release|Any CPU
		{F1AD8AF9-0E51-4CD3-ABD3-2CEFB51DCA92}.Release|Any CPU.Build.0 = Release|Any CPU
	EndGlobalSection
	GlobalSection(SolutionProperties) = preSolution
		HideSolutionNode = FALSE
	EndGlobalSection
	GlobalSection(NestedProjects) = preSolution
		{1920BEC2-2E67-4608-984A-A79270DF8EF8} = {62FA1063-F080-4112-85E9-C915890D40CF}
		{79C22174-B15E-493E-9F52-2F54698A47AF} = {62FA1063-F080-4112-85E9-C915890D40CF}
		{7C2E18C8-4D1B-448C-B738-B4AC95C0334B} = {62FA1063-F080-4112-85E9-C915890D40CF}
		{F1AD8AF9-0E51-4CD3-ABD3-2CEFB51DCA92} = {62FA1063-F080-4112-85E9-C915890D40CF}
	EndGlobalSection
	GlobalSection(ExtensibilityGlobals) = postSolution
		SolutionGuid = {C25981C2-1466-4DAD-B4D2-A4F7B71EF54D}
	EndGlobalSection
EndGlobal
